
Microsoft Visual Studio Solution File, Format Version 12.00
# Visual Studio 14
VisualStudioVersion = 14.0.25420.1
MinimumVisualStudioVersion = 10.0.40219.1
Project("{FAE04EC0-301F-11D3-BF4B-00C04F79EFBC}") = "ObjectsClassification-WPF", "ObjectsClassification-WPF.csproj", "{269A7B21-FBFE-4E7A-8BBE-C8DE2EC0D833}"
EndProject
Project("{FAE04EC0-301F-11D3-BF4B-00C04F79EFBC}") = "GenImagesFromKinect-WPF", "ToolsGenDataset\GenImagesFromKinect\GenImagesFromKinect-WPF.csproj", "{4467C0A4-9040-48BF-B9B7-911A4148D013}"
EndProject
Project("{2150E333-8FDC-42A3-9474-1A3956D46DE8}") = "ToolsGenDataset", "ToolsGenDataset", "{9A6A3D5C-7189-40D8-A55B-B9D99BF67C3C}"
EndProject
Project("{2150E333-8FDC-42A3-9474-1A3956D46DE8}") = "ToolsGenHaarCascade", "ToolsGenHaarCascade", "{EDAB68C1-D7B1-4A9F-A38D-39D9500DB63D}"
EndProject
Project("{FAE04EC0-301F-11D3-BF4B-00C04F79EFBC}") = "ToolsGenHaarCascade-WPF", "ToolsGenHaarCascade\ToolsGenHaarCascade-WPF.csproj", "{83BF35C6-FD36-4CFF-B755-4A4F0BD1DDD0}"
EndProject
Global
	GlobalSection(SolutionConfigurationPlatforms) = preSolution
		Debug|Any CPU = Debug|Any CPU
		Debug|x64 = Debug|x64
		Release|Any CPU = Release|Any CPU
		Release|x64 = Release|x64
	EndGlobalSection
	GlobalSection(ProjectConfigurationPlatforms) = postSolution
		{269A7B21-FBFE-4E7A-8BBE-C8DE2EC0D833}.Debug|Any CPU.ActiveCfg = Debug|x64
		{269A7B21-FBFE-4E7A-8BBE-C8DE2EC0D833}.Debug|x64.ActiveCfg = Debug|x64
		{269A7B21-FBFE-4E7A-8BBE-C8DE2EC0D833}.Debug|x64.Build.0 = Debug|x64
		{269A7B21-FBFE-4E7A-8BBE-C8DE2EC0D833}.Release|Any CPU.ActiveCfg = Release|x64
		{269A7B21-FBFE-4E7A-8BBE-C8DE2EC0D833}.Release|x64.ActiveCfg = Release|x64
		{269A7B21-FBFE-4E7A-8BBE-C8DE2EC0D833}.Release|x64.Build.0 = Release|x64
		{4467C0A4-9040-48BF-B9B7-911A4148D013}.Debug|Any CPU.ActiveCfg = Debug|Any CPU
		{4467C0A4-9040-48BF-B9B7-911A4148D013}.Debug|Any CPU.Build.0 = Debug|Any CPU
		{4467C0A4-9040-48BF-B9B7-911A4148D013}.Debug|x64.ActiveCfg = Debug|Any CPU
		{4467C0A4-9040-48BF-B9B7-911A4148D013}.Debug|x64.Build.0 = Debug|Any CPU
		{4467C0A4-9040-48BF-B9B7-911A4148D013}.Release|Any CPU.ActiveCfg = Release|Any CPU
		{4467C0A4-9040-48BF-B9B7-911A4148D013}.Release|Any CPU.Build.0 = Release|Any CPU
		{4467C0A4-9040-48BF-B9B7-911A4148D013}.Release|x64.ActiveCfg = Release|Any CPU
		{4467C0A4-9040-48BF-B9B7-911A4148D013}.Release|x64.Build.0 = Release|Any CPU
		{83BF35C6-FD36-4CFF-B755-4A4F0BD1DDD0}.Debug|Any CPU.ActiveCfg = Debug|Any CPU
		{83BF35C6-FD36-4CFF-B755-4A4F0BD1DDD0}.Debug|Any CPU.Build.0 = Debug|Any CPU
		{83BF35C6-FD36-4CFF-B755-4A4F0BD1DDD0}.Debug|x64.ActiveCfg = Debug|Any CPU
		{83BF35C6-FD36-4CFF-B755-4A4F0BD1DDD0}.Debug|x64.Build.0 = Debug|Any CPU
		{83BF35C6-FD36-4CFF-B755-4A4F0BD1DDD0}.Release|Any CPU.ActiveCfg = Release|Any CPU
		{83BF35C6-FD36-4CFF-B755-4A4F0BD1DDD0}.Release|Any CPU.Build.0 = Release|Any CPU
		{83BF35C6-FD36-4CFF-B755-4A4F0BD1DDD0}.Release|x64.ActiveCfg = Release|Any CPU
		{83BF35C6-FD36-4CFF-B755-4A4F0BD1DDD0}.Release|x64.Build.0 = Release|Any CPU
	EndGlobalSection
	GlobalSection(SolutionProperties) = preSolution
		HideSolutionNode = FALSE
	EndGlobalSection
	GlobalSection(NestedProjects) = preSolution
		{4467C0A4-9040-48BF-B9B7-911A4148D013} = {9A6A3D5C-7189-40D8-A55B-B9D99BF67C3C}
		{83BF35C6-FD36-4CFF-B755-4A4F0BD1DDD0} = {EDAB68C1-D7B1-4A9F-A38D-39D9500DB63D}
	EndGlobalSection
EndGlobal
